
Microsoft Visual Studio Solution File, Format Version 12.00
# Visual Studio 15
VisualStudioVersion = 15.0.28010.2048
MinimumVisualStudioVersion = 10.0.40219.1
Project("{FAE04EC0-301F-11D3-BF4B-00C04F79EFBC}") = "XF.ControlBasic_A1.Android", "XF.ControlBasic_A1\XF.ControlBasic_A1.Android\XF.ControlBasic_A1.Android.csproj", "{09760B63-F92E-496C-A364-0047E3C02871}"
EndProject
Project("{FAE04EC0-301F-11D3-BF4B-00C04F79EFBC}") = "XF.ControlBasic_A1.iOS", "XF.ControlBasic_A1\XF.ControlBasic_A1.iOS\XF.ControlBasic_A1.iOS.csproj", "{108C2426-AD20-4293-8F19-F5081EC48631}"
EndProject
Project("{FAE04EC0-301F-11D3-BF4B-00C04F79EFBC}") = "XF.ControlBasic_A1", "XF.ControlBasic_A1\XF.ControlBasic_A1\XF.ControlBasic_A1.csproj", "{FCADCE4F-2CFA-4804-8A48-79A9E6401C34}"
EndProject
Global
	GlobalSection(SolutionConfigurationPlatforms) = preSolution
		Ad-Hoc|Any CPU = Ad-Hoc|Any CPU
		Ad-Hoc|iPhone = Ad-Hoc|iPhone
		Ad-Hoc|iPhoneSimulator = Ad-Hoc|iPhoneSimulator
		AppStore|Any CPU = AppStore|Any CPU
		AppStore|iPhone = AppStore|iPhone
		AppStore|iPhoneSimulator = AppStore|iPhoneSimulator
		Debug|Any CPU = Debug|Any CPU
		Debug|iPhone = Debug|iPhone
		Debug|iPhoneSimulator = Debug|iPhoneSimulator
		Release|Any CPU = Release|Any CPU
		Release|iPhone = Release|iPhone
		Release|iPhoneSimulator = Release|iPhoneSimulator
	EndGlobalSection
	GlobalSection(ProjectConfigurationPlatforms) = postSolution
		{09760B63-F92E-496C-A364-0047E3C02871}.Ad-Hoc|Any CPU.ActiveCfg = Release|Any CPU
		{09760B63-F92E-496C-A364-0047E3C02871}.Ad-Hoc|Any CPU.Build.0 = Release|Any CPU
		{09760B63-F92E-496C-A364-0047E3C02871}.Ad-Hoc|Any CPU.Deploy.0 = Release|Any CPU
		{09760B63-F92E-496C-A364-0047E3C02871}.Ad-Hoc|iPhone.ActiveCfg = Release|Any CPU
		{09760B63-F92E-496C-A364-0047E3C02871}.Ad-Hoc|iPhone.Build.0 = Release|Any CPU
		{09760B63-F92E-496C-A364-0047E3C02871}.Ad-Hoc|iPhone.Deploy.0 = Release|Any CPU
		{09760B63-F92E-496C-A364-0047E3C02871}.Ad-Hoc|iPhoneSimulator.ActiveCfg = Release|Any CPU
		{09760B63-F92E-496C-A364-0047E3C02871}.Ad-Hoc|iPhoneSimulator.Build.0 = Release|Any CPU
		{09760B63-F92E-496C-A364-0047E3C02871}.Ad-Hoc|iPhoneSimulator.Deploy.0 = Release|Any CPU
		{09760B63-F92E-496C-A364-0047E3C02871}.AppStore|Any CPU.ActiveCfg = Release|Any CPU
		{09760B63-F92E-496C-A364-0047E3C02871}.AppStore|Any CPU.Build.0 = Release|Any CPU
		{09760B63-F92E-496C-A364-0047E3C02871}.AppStore|Any CPU.Deploy.0 = Release|Any CPU
		{09760B63-F92E-496C-A364-0047E3C02871}.AppStore|iPhone.ActiveCfg = Release|Any CPU
		{09760B63-F92E-496C-A364-0047E3C02871}.AppStore|iPhone.Build.0 = Release|Any CPU
		{09760B63-F92E-496C-A364-0047E3C02871}.AppStore|iPhone.Deploy.0 = Release|Any CPU
		{09760B63-F92E-496C-A364-0047E3C02871}.AppStore|iPhoneSimulator.ActiveCfg = Release|Any CPU
		{09760B63-F92E-496C-A364-0047E3C02871}.AppStore|iPhoneSimulator.Build.0 = Release|Any CPU
		{09760B63-F92E-496C-A364-0047E3C02871}.AppStore|iPhoneSimulator.Deploy.0 = Release|Any CPU
		{09760B63-F92E-496C-A364-0047E3C02871}.Debug|Any CPU.ActiveCfg = Debug|Any CPU
		{09760B63-F92E-496C-A364-0047E3C02871}.Debug|Any CPU.Build.0 = Debug|Any CPU
		{09760B63-F92E-496C-A364-0047E3C02871}.Debug|Any CPU.Deploy.0 = Debug|Any CPU
		{09760B63-F92E-496C-A364-0047E3C02871}.Debug|iPhone.ActiveCfg = Debug|Any CPU
		{09760B63-F92E-496C-A364-0047E3C02871}.Debug|iPhone.Build.0 = Debug|Any CPU
		{09760B63-F92E-496C-A364-0047E3C02871}.Debug|iPhone.Deploy.0 = Debug|Any CPU
		{09760B63-F92E-496C-A364-0047E3C02871}.Debug|iPhoneSimulator.ActiveCfg = Debug|Any CPU
		{09760B63-F92E-496C-A364-0047E3C02871}.Debug|iPhoneSimulator.Build.0 = Debug|Any CPU
		{09760B63-F92E-496C-A364-0047E3C02871}.Debug|iPhoneSimulator.Deploy.0 = Debug|Any CPU
		{09760B63-F92E-496C-A364-0047E3C02871}.Release|Any CPU.ActiveCfg = Release|Any CPU
		{09760B63-F92E-496C-A364-0047E3C02871}.Release|Any CPU.Build.0 = Release|Any CPU
		{09760B63-F92E-496C-A364-0047E3C02871}.Release|Any CPU.Deploy.0 = Release|Any CPU
		{09760B63-F92E-496C-A364-0047E3C02871}.Release|iPhone.ActiveCfg = Release|Any CPU
		{09760B63-F92E-496C-A364-0047E3C02871}.Release|iPhone.Build.0 = Release|Any CPU
		{09760B63-F92E-496C-A364-0047E3C02871}.Release|iPhone.Deploy.0 = Release|Any CPU
		{09760B63-F92E-496C-A364-0047E3C02871}.Release|iPhoneSimulator.ActiveCfg = Release|Any CPU
		{09760B63-F92E-496C-A364-0047E3C02871}.Release|iPhoneSimulator.Build.0 = Release|Any CPU
		{09760B63-F92E-496C-A364-0047E3C02871}.Release|iPhoneSimulator.Deploy.0 = Release|Any CPU
		{108C2426-AD20-4293-8F19-F5081EC48631}.Ad-Hoc|Any CPU.ActiveCfg = Ad-Hoc|iPhone
		{108C2426-AD20-4293-8F19-F5081EC48631}.Ad-Hoc|Any CPU.Build.0 = Ad-Hoc|iPhone
		{108C2426-AD20-4293-8F19-F5081EC48631}.Ad-Hoc|Any CPU.Deploy.0 = Ad-Hoc|iPhone
		{108C2426-AD20-4293-8F19-F5081EC48631}.Ad-Hoc|iPhone.ActiveCfg = Ad-Hoc|iPhone
		{108C2426-AD20-4293-8F19-F5081EC48631}.Ad-Hoc|iPhone.Build.0 = Ad-Hoc|iPhone
		{108C2426-AD20-4293-8F19-F5081EC48631}.Ad-Hoc|iPhone.Deploy.0 = Ad-Hoc|iPhone
		{108C2426-AD20-4293-8F19-F5081EC48631}.Ad-Hoc|iPhoneSimulator.ActiveCfg = Ad-Hoc|iPhoneSimulator
		{108C2426-AD20-4293-8F19-F5081EC48631}.Ad-Hoc|iPhoneSimulator.Build.0 = Ad-Hoc|iPhoneSimulator
		{108C2426-AD20-4293-8F19-F5081EC48631}.Ad-Hoc|iPhoneSimulator.Deploy.0 = Ad-Hoc|iPhoneSimulator
		{108C2426-AD20-4293-8F19-F5081EC48631}.AppStore|Any CPU.ActiveCfg = AppStore|iPhone
		{108C2426-AD20-4293-8F19-F5081EC48631}.AppStore|Any CPU.Build.0 = AppStore|iPhone
		{108C2426-AD20-4293-8F19-F5081EC48631}.AppStore|Any CPU.Deploy.0 = AppStore|iPhone
		{108C2426-AD20-4293-8F19-F5081EC48631}.AppStore|iPhone.ActiveCfg = AppStore|iPhone
		{108C2426-AD20-4293-8F19-F5081EC48631}.AppStore|iPhone.Build.0 = AppStore|iPhone
		{108C2426-AD20-4293-8F19-F5081EC48631}.AppStore|iPhone.Deploy.0 = AppStore|iPhone
		{108C2426-AD20-4293-8F19-F5081EC48631}.AppStore|iPhoneSimulator.ActiveCfg = AppStore|iPhoneSimulator
		{108C2426-AD20-4293-8F19-F5081EC48631}.AppStore|iPhoneSimulator.Build.0 = AppStore|iPhoneSimulator
		{108C2426-AD20-4293-8F19-F5081EC48631}.AppStore|iPhoneSimulator.Deploy.0 = AppStore|iPhoneSimulator
		{108C2426-AD20-4293-8F19-F5081EC48631}.Debug|Any CPU.ActiveCfg = Debug|iPhoneSimulator
		{108C2426-AD20-4293-8F19-F5081EC48631}.Debug|Any CPU.Build.0 = Debug|iPhoneSimulator
		{108C2426-AD20-4293-8F19-F5081EC48631}.Debug|Any CPU.Deploy.0 = Debug|iPhoneSimulator
		{108C2426-AD20-4293-8F19-F5081EC48631}.Debug|iPhone.ActiveCfg = Debug|iPhone
		{108C2426-AD20-4293-8F19-F5081EC48631}.Debug|iPhone.Build.0 = Debug|iPhone
		{108C2426-AD20-4293-8F19-F5081EC48631}.Debug|iPhone.Deploy.0 = Debug|iPhone
		{108C2426-AD20-4293-8F19-F5081EC48631}.Debug|iPhoneSimulator.ActiveCfg = Debug|iPhoneSimulator
		{108C2426-AD20-4293-8F19-F5081EC48631}.Debug|iPhoneSimulator.Build.0 = Debug|iPhoneSimulator
		{108C2426-AD20-4293-8F19-F5081EC48631}.Debug|iPhoneSimulator.Deploy.0 = Debug|iPhoneSimulator
		{108C2426-AD20-4293-8F19-F5081EC48631}.Release|Any CPU.ActiveCfg = Release|iPhone
		{108C2426-AD20-4293-8F19-F5081EC48631}.Release|Any CPU.Build.0 = Release|iPhone
		{108C2426-AD20-4293-8F19-F5081EC48631}.Release|Any CPU.Deploy.0 = Release|iPhone
		{108C2426-AD20-4293-8F19-F5081EC48631}.Release|iPhone.ActiveCfg = Release|iPhone
		{108C2426-AD20-4293-8F19-F5081EC48631}.Release|iPhone.Build.0 = Release|iPhone
		{108C2426-AD20-4293-8F19-F5081EC48631}.Release|iPhone.Deploy.0 = Release|iPhone
		{108C2426-AD20-4293-8F19-F5081EC48631}.Release|iPhoneSimulator.ActiveCfg = Release|iPhoneSimulator
		{108C2426-AD20-4293-8F19-F5081EC48631}.Release|iPhoneSimulator.Build.0 = Release|iPhoneSimulator
		{108C2426-AD20-4293-8F19-F5081EC48631}.Release|iPhoneSimulator.Deploy.0 = Release|iPhoneSimulator
		{FCADCE4F-2CFA-4804-8A48-79A9E6401C34}.Ad-Hoc|Any CPU.ActiveCfg = Debug|Any CPU
		{FCADCE4F-2CFA-4804-8A48-79A9E6401C34}.Ad-Hoc|Any CPU.Build.0 = Debug|Any CPU
		{FCADCE4F-2CFA-4804-8A48-79A9E6401C34}.Ad-Hoc|Any CPU.Deploy.0 = Debug|Any CPU
		{FCADCE4F-2CFA-4804-8A48-79A9E6401C34}.Ad-Hoc|iPhone.ActiveCfg = Debug|Any CPU
		{FCADCE4F-2CFA-4804-8A48-79A9E6401C34}.Ad-Hoc|iPhone.Build.0 = Debug|Any CPU
		{FCADCE4F-2CFA-4804-8A48-79A9E6401C34}.Ad-Hoc|iPhone.Deploy.0 = Debug|Any CPU
		{FCADCE4F-2CFA-4804-8A48-79A9E6401C34}.Ad-Hoc|iPhoneSimulator.ActiveCfg = Debug|Any CPU
		{FCADCE4F-2CFA-4804-8A48-79A9E6401C34}.Ad-Hoc|iPhoneSimulator.Build.0 = Debug|Any CPU
		{FCADCE4F-2CFA-4804-8A48-79A9E6401C34}.Ad-Hoc|iPhoneSimulator.Deploy.0 = Debug|Any CPU
		{FCADCE4F-2CFA-4804-8A48-79A9E6401C34}.AppStore|Any CPU.ActiveCfg = Debug|Any CPU
		{FCADCE4F-2CFA-4804-8A48-79A9E6401C34}.AppStore|Any CPU.Build.0 = Debug|Any CPU
		{FCADCE4F-2CFA-4804-8A48-79A9E6401C34}.AppStore|Any CPU.Deploy.0 = Debug|Any CPU
		{FCADCE4F-2CFA-4804-8A48-79A9E6401C34}.AppStore|iPhone.ActiveCfg = Debug|Any CPU
		{FCADCE4F-2CFA-4804-8A48-79A9E6401C34}.AppStore|iPhone.Build.0 = Debug|Any CPU
		{FCADCE4F-2CFA-4804-8A48-79A9E6401C34}.AppStore|iPhone.Deploy.0 = Debug|Any CPU
		{FCADCE4F-2CFA-4804-8A48-79A9E6401C34}.AppStore|iPhoneSimulator.ActiveCfg = Debug|Any CPU
		{FCADCE4F-2CFA-4804-8A48-79A9E6401C34}.AppStore|iPhoneSimulator.Build.0 = Debug|Any CPU
		{FCADCE4F-2CFA-4804-8A48-79A9E6401C34}.AppStore|iPhoneSimulator.Deploy.0 = Debug|Any CPU
		{FCADCE4F-2CFA-4804-8A48-79A9E6401C34}.Debug|Any CPU.ActiveCfg = Debug|Any CPU
		{FCADCE4F-2CFA-4804-8A48-79A9E6401C34}.Debug|Any CPU.Build.0 = Debug|Any CPU
		{FCADCE4F-2CFA-4804-8A48-79A9E6401C34}.Debug|Any CPU.Deploy.0 = Debug|Any CPU
		{FCADCE4F-2CFA-4804-8A48-79A9E6401C34}.Debug|iPhone.ActiveCfg = Debug|Any CPU
		{FCADCE4F-2CFA-4804-8A48-79A9E6401C34}.Debug|iPhone.Build.0 = Debug|Any CPU
		{FCADCE4F-2CFA-4804-8A48-79A9E6401C34}.Debug|iPhone.Deploy.0 = Debug|Any CPU
		{FCADCE4F-2CFA-4804-8A48-79A9E6401C34}.Debug|iPhoneSimulator.ActiveCfg = Debug|Any CPU
		{FCADCE4F-2CFA-4804-8A48-79A9E6401C34}.Debug|iPhoneSimulator.Build.0 = Debug|Any CPU
		{FCADCE4F-2CFA-4804-8A48-79A9E6401C34}.Debug|iPhoneSimulator.Deploy.0 = Debug|Any CPU
		{FCADCE4F-2CFA-4804-8A48-79A9E6401C34}.Release|Any CPU.ActiveCfg = Release|Any CPU
		{FCADCE4F-2CFA-4804-8A48-79A9E6401C34}.Release|Any CPU.Build.0 = Release|Any CPU
		{FCADCE4F-2CFA-4804-8A48-79A9E6401C34}.Release|Any CPU.Deploy.0 = Release|Any CPU
		{FCADCE4F-2CFA-4804-8A48-79A9E6401C34}.Release|iPhone.ActiveCfg = Release|Any CPU
		{FCADCE4F-2CFA-4804-8A48-79A9E6401C34}.Release|iPhone.Build.0 = Release|Any CPU
		{FCADCE4F-2CFA-4804-8A48-79A9E6401C34}.Release|iPhone.Deploy.0 = Release|Any CPU
		{FCADCE4F-2CFA-4804-8A48-79A9E6401C34}.Release|iPhoneSimulator.ActiveCfg = Release|Any CPU
		{FCADCE4F-2CFA-4804-8A48-79A9E6401C34}.Release|iPhoneSimulator.Build.0 = Release|Any CPU
		{FCADCE4F-2CFA-4804-8A48-79A9E6401C34}.Release|iPhoneSimulator.Deploy.0 = Release|Any CPU
	EndGlobalSection
	GlobalSection(SolutionProperties) = preSolution
		HideSolutionNode = FALSE
	EndGlobalSection
	GlobalSection(ExtensibilityGlobals) = postSolution
		SolutionGuid = {02E8E69C-03F6-4207-BFC6-9C8F168594C4}
	EndGlobalSection
EndGlobal
